
Microsoft Visual Studio Solution File, Format Version 12.00
# Visual Studio Version 17
VisualStudioVersion = 17.4.33103.184
MinimumVisualStudioVersion = 10.0.40219.1
Project("{FAE04EC0-301F-11D3-BF4B-00C04F79EFBC}") = "PP2_Matias", "PP2_Matias.csproj", "{1F2B5BA5-533D-4F8D-BF70-333EA5B33B4F}"
EndProject
Global
	GlobalSection(SolutionConfigurationPlatforms) = preSolution
		Debug|Any CPU = Debug|Any CPU
		Release|Any CPU = Release|Any CPU
	EndGlobalSection
	GlobalSection(ProjectConfigurationPlatforms) = postSolution
		{1F2B5BA5-533D-4F8D-BF70-333EA5B33B4F}.Debug|Any CPU.ActiveCfg = Debug|Any CPU
		{1F2B5BA5-533D-4F8D-BF70-333EA5B33B4F}.Debug|Any CPU.Build.0 = Debug|Any CPU
		{1F2B5BA5-533D-4F8D-BF70-333EA5B33B4F}.Release|Any CPU.ActiveCfg = Release|Any CPU
		{1F2B5BA5-533D-4F8D-BF70-333EA5B33B4F}.Release|Any CPU.Build.0 = Release|Any CPU
	EndGlobalSection
	GlobalSection(SolutionProperties) = preSolution
		HideSolutionNode = FALSE
	EndGlobalSection
	GlobalSection(ExtensibilityGlobals) = postSolution
		SolutionGuid = {EC0A0D3D-B843-4950-9FDD-0544F3FA3837}
	EndGlobalSection
EndGlobal
